
Microsoft Visual Studio Solution File, Format Version 12.00
# Visual Studio Version 16
VisualStudioVersion = 16.0.29326.143
MinimumVisualStudioVersion = 10.0.40219.1
Project("{FAE04EC0-301F-11D3-BF4B-00C04F79EFBC}") = "ChessInstaller", "ChessInstaller.csproj", "{66A5B240-5F3F-4581-A60F-E9D79C63BD92}"
EndProject
Global
	GlobalSection(SolutionConfigurationPlatforms) = preSolution
		Debug|Any CPU = Debug|Any CPU
		Release|Any CPU = Release|Any CPU
	EndGlobalSection
	GlobalSection(ProjectConfigurationPlatforms) = postSolution
		{66A5B240-5F3F-4581-A60F-E9D79C63BD92}.Debug|Any CPU.ActiveCfg = Debug|Any CPU
		{66A5B240-5F3F-4581-A60F-E9D79C63BD92}.Debug|Any CPU.Build.0 = Debug|Any CPU
		{66A5B240-5F3F-4581-A60F-E9D79C63BD92}.Release|Any CPU.ActiveCfg = Release|Any CPU
		{66A5B240-5F3F-4581-A60F-E9D79C63BD92}.Release|Any CPU.Build.0 = Release|Any CPU
	EndGlobalSection
	GlobalSection(SolutionProperties) = preSolution
		HideSolutionNode = FALSE
	EndGlobalSection
	GlobalSection(ExtensibilityGlobals) = postSolution
		SolutionGuid = {A70022B0-4185-4201-8A89-8C0F2957910C}
	EndGlobalSection
EndGlobal
